
Microsoft Visual Studio Solution File, Format Version 12.00
# Visual Studio Version 17
VisualStudioVersion = 17.5.002.0
MinimumVisualStudioVersion = 10.0.40219.1
Project("{2150E333-8FDC-42A3-9474-1A3956D46DE8}") = "Unidad_1_PrimerPrograma", "Unidad_1_PrimerPrograma", "{95787D89-14A8-47B2-AE35-078EDB43B3F4}"
EndProject
Project("{9A19103F-16F7-4668-BE54-9A1E7A4F7556}") = "Hola_Pibe", "Unidad_1_PrimerPrograma\Hola_Pibe\Hola_Pibe.csproj", "{DFDE87E4-4B5A-41BF-9CE8-03DFD1BBA86A}"
EndProject
Project("{2150E333-8FDC-42A3-9474-1A3956D46DE8}") = "Unidad_2_TiposDeDatos", "Unidad_2_TiposDeDatos", "{244DE0C3-EE6F-4B66-B40A-2EBA308226EA}"
EndProject
Project("{9A19103F-16F7-4668-BE54-9A1E7A4F7556}") = "Ejercicio_1", "Unidad_2_TiposDeDatos\Ejercicio_1\Ejercicio_1.csproj", "{BB867C6B-40C4-4184-9379-833126DA129E}"
EndProject
Project("{9A19103F-16F7-4668-BE54-9A1E7A4F7556}") = "Ejercicio_2", "Unidad_2_TiposDeDatos\Ejercicio_2\Ejercicio_2.csproj", "{E508CC71-63C3-4560-9DC8-464E6318360F}"
EndProject
Project("{9A19103F-16F7-4668-BE54-9A1E7A4F7556}") = "Ejercicio_3", "Unidad_2_TiposDeDatos\Ejercicio_3\Ejercicio_3.csproj", "{7E76136E-E292-4B40-B381-D84958DAFE52}"
EndProject
Project("{9A19103F-16F7-4668-BE54-9A1E7A4F7556}") = "Ejercicio_4", "Unidad_2_TiposDeDatos\Ejercicio_4\Ejercicio_4.csproj", "{A13562EA-18DC-4CBF-8959-6579698D500D}"
EndProject
Project("{9A19103F-16F7-4668-BE54-9A1E7A4F7556}") = "Ejercicio_5", "Unidad_2_TiposDeDatos\Ejercicio_5\Ejercicio_5.csproj", "{F8A4C6B6-8846-4FD8-B0E4-D9A196BB2AA3}"
EndProject
Project("{2150E333-8FDC-42A3-9474-1A3956D46DE8}") = "Unidad_3_Condicionales", "Unidad_3_Condicionales", "{E3697726-9750-4F42-9486-65FF05B347F8}"
EndProject
Project("{9A19103F-16F7-4668-BE54-9A1E7A4F7556}") = "Ejercicio_10", "Unidad_3_Condicionales\Ejercicio_10\Ejercicio_10.csproj", "{8B8A7621-3EFF-450C-A5E4-C093742FBDEA}"
EndProject
Project("{9A19103F-16F7-4668-BE54-9A1E7A4F7556}") = "Ejercicio_6", "Unidad_3_Condicionales\Ejercicio_6\Ejercicio_6.csproj", "{80295DAA-4DFC-405B-AFA6-525E2EBFF53B}"
EndProject
Project("{9A19103F-16F7-4668-BE54-9A1E7A4F7556}") = "Ejercicio_7", "Unidad_3_Condicionales\Ejercicio_7\Ejercicio_7.csproj", "{9FB03E37-46ED-456C-ADFE-C3FA9143F7B5}"
EndProject
Project("{9A19103F-16F7-4668-BE54-9A1E7A4F7556}") = "Ejercicio_8", "Unidad_3_Condicionales\Ejercicio_8\Ejercicio_8.csproj", "{23C8080F-A728-4D8D-9528-D7A0880ED694}"
EndProject
Project("{9A19103F-16F7-4668-BE54-9A1E7A4F7556}") = "Ejercicio_9", "Unidad_3_Condicionales\Ejercicio_9\Ejercicio_9.csproj", "{2517FF4B-DDAF-4A92-ACBB-85003A58318F}"
EndProject
Project("{2150E333-8FDC-42A3-9474-1A3956D46DE8}") = "Unidad_4_Condicionales++", "Unidad_4_Condicionales++", "{3C6E1398-DC2B-45A0-9BCA-52B6C411ECF0}"
EndProject
Project("{9A19103F-16F7-4668-BE54-9A1E7A4F7556}") = "Ejercicio_11", "Unidad_4_Condicionales++\Ejercicio_11\Ejercicio_11.csproj", "{6D24A39F-E00D-4367-A644-079428BFD798}"
EndProject
Project("{9A19103F-16F7-4668-BE54-9A1E7A4F7556}") = "Ejercicio_12", "Unidad_4_Condicionales++\Ejercicio_12\Ejercicio_12.csproj", "{80E830E6-2E1F-4437-99F2-0EF6E1669215}"
EndProject
Project("{9A19103F-16F7-4668-BE54-9A1E7A4F7556}") = "Ejercicio_13", "Unidad_4_Condicionales++\Ejercicio_13\Ejercicio_13.csproj", "{56DC8D29-2947-4282-B865-4A5FBE80CF35}"
EndProject
Project("{9A19103F-16F7-4668-BE54-9A1E7A4F7556}") = "Ejercicio_14", "Unidad_4_Condicionales++\Ejercicio_14\Ejercicio_14.csproj", "{1E71E0B6-AF86-4C9D-9ADB-1EE4A2549587}"
EndProject
Project("{9A19103F-16F7-4668-BE54-9A1E7A4F7556}") = "Ejercicio_15", "Unidad_4_Condicionales++\Ejercicio_15\Ejercicio_15.csproj", "{AC6E3176-C242-4D54-A6D1-265CFCCF037B}"
EndProject
Project("{2150E333-8FDC-42A3-9474-1A3956D46DE8}") = "Unidad_5_Ciclos", "Unidad_5_Ciclos", "{3E55089F-16D4-41E6-8756-A41443F586EF}"
EndProject
Project("{9A19103F-16F7-4668-BE54-9A1E7A4F7556}") = "Ejercicio_16", "Unidad_5_Ciclos\Ejercicio_16\Ejercicio_16.csproj", "{1638995B-D987-4583-B634-5FAB076F810C}"
EndProject
Project("{9A19103F-16F7-4668-BE54-9A1E7A4F7556}") = "Ejercicio_17", "Unidad_5_Ciclos\Ejercicio_17\Ejercicio_17.csproj", "{F10C4D99-0C5A-4E2B-80B9-68C1090068BF}"
EndProject
Project("{9A19103F-16F7-4668-BE54-9A1E7A4F7556}") = "Ejercicio_18", "Unidad_5_Ciclos\Ejercicio_18\Ejercicio_18.csproj", "{0D26D835-73C3-4055-A4C8-7EC8C7EB691A}"
EndProject
Project("{9A19103F-16F7-4668-BE54-9A1E7A4F7556}") = "Ejercicio_19", "Unidad_5_Ciclos\Ejercicio_19\Ejercicio_19.csproj", "{7D30103B-0EF6-440E-810A-25CA7C81DB40}"
EndProject
Project("{9A19103F-16F7-4668-BE54-9A1E7A4F7556}") = "Ejercicio_20", "Unidad_5_Ciclos\Ejercicio_20\Ejercicio_20.csproj", "{1E9F4E36-92C6-400A-9D42-2EC585AD50FF}"
EndProject
Project("{2150E333-8FDC-42A3-9474-1A3956D46DE8}") = "Unidad_6_CiclosCombinados", "Unidad_6_CiclosCombinados", "{C6229D11-750C-4CB5-89D0-971EEBF0D72F}"
EndProject
Project("{9A19103F-16F7-4668-BE54-9A1E7A4F7556}") = "Ejercicio_21", "Unidad_6_CiclosCombinados\Ejercicio_21\Ejercicio_21.csproj", "{B22297EC-B24E-4175-ADE2-2D98EDB8386C}"
EndProject
Project("{9A19103F-16F7-4668-BE54-9A1E7A4F7556}") = "Ejercicio_22", "Unidad_6_CiclosCombinados\Ejercicio_22\Ejercicio_22.csproj", "{65D53970-FBD0-4644-92A8-F5C4B44AB6E0}"
EndProject
Project("{9A19103F-16F7-4668-BE54-9A1E7A4F7556}") = "Ejercicio_23", "Unidad_6_CiclosCombinados\Ejercicio_23\Ejercicio_23.csproj", "{E74F6F25-6A39-491F-ACE3-DFD0C15E1324}"
EndProject
Project("{2150E333-8FDC-42A3-9474-1A3956D46DE8}") = "Unidad_7_Vectores", "Unidad_7_Vectores", "{F5E65274-BDD2-407C-8DDB-5FF0E94A0351}"
EndProject
Project("{9A19103F-16F7-4668-BE54-9A1E7A4F7556}") = "Ejercicio_24", "Unidad_7_Vectores\Ejercicio_24\Ejercicio_24.csproj", "{4A0935C5-ED0B-4B45-A1CA-3F8BCA277324}"
EndProject
Project("{9A19103F-16F7-4668-BE54-9A1E7A4F7556}") = "Ejercicio_25", "Unidad_7_Vectores\Ejercicio_25\Ejercicio_25.csproj", "{F3AA1A0B-5F60-4AD1-B562-53ACA841C9D3}"
EndProject
Project("{9A19103F-16F7-4668-BE54-9A1E7A4F7556}") = "Ejercicio_26", "Unidad_7_Vectores\Ejercicio_26\Ejercicio_26.csproj", "{3C02A460-CA71-4590-B316-45F7E196AEBB}"
EndProject
Project("{9A19103F-16F7-4668-BE54-9A1E7A4F7556}") = "Ejercicio_27", "Unidad_7_Vectores\Ejercicio_27\Ejercicio_27.csproj", "{C4AC7725-2C4A-4F50-B3F8-B6CF1B036A86}"
EndProject
Project("{2150E333-8FDC-42A3-9474-1A3956D46DE8}") = "Unidad_8_Funciones", "Unidad_8_Funciones", "{64709643-F4BF-4D08-AF7D-C4E9F4EA79F6}"
EndProject
Project("{9A19103F-16F7-4668-BE54-9A1E7A4F7556}") = "Ejercicio_28", "Unidad_8_Funciones\Ejercicio_28\Ejercicio_28.csproj", "{316DF6A9-F56B-4FF0-B2DB-5FF0A159467C}"
EndProject
Project("{9A19103F-16F7-4668-BE54-9A1E7A4F7556}") = "Ejercicio_29", "Unidad_8_Funciones\Ejercicio_29\Ejercicio_29.csproj", "{B2C82D4A-DE79-45B8-93AA-F2839126F6F6}"
EndProject
Project("{9A19103F-16F7-4668-BE54-9A1E7A4F7556}") = "Ejercicio_30", "Unidad_8_Funciones\Ejercicio_30\Ejercicio_30.csproj", "{09A46E7F-D3AD-4828-A6AC-465F386794AA}"
EndProject
Project("{9A19103F-16F7-4668-BE54-9A1E7A4F7556}") = "Ejercicio_31", "Unidad_8_Funciones\Ejercicio_31\Ejercicio_31.csproj", "{9C4CD0C9-5525-4E20-B91D-0EF765E7A259}"
EndProject
Global
	GlobalSection(SolutionConfigurationPlatforms) = preSolution
		Debug|Any CPU = Debug|Any CPU
		Release|Any CPU = Release|Any CPU
	EndGlobalSection
	GlobalSection(ProjectConfigurationPlatforms) = postSolution
		{DFDE87E4-4B5A-41BF-9CE8-03DFD1BBA86A}.Debug|Any CPU.ActiveCfg = Debug|Any CPU
		{DFDE87E4-4B5A-41BF-9CE8-03DFD1BBA86A}.Debug|Any CPU.Build.0 = Debug|Any CPU
		{DFDE87E4-4B5A-41BF-9CE8-03DFD1BBA86A}.Release|Any CPU.ActiveCfg = Release|Any CPU
		{DFDE87E4-4B5A-41BF-9CE8-03DFD1BBA86A}.Release|Any CPU.Build.0 = Release|Any CPU
		{BB867C6B-40C4-4184-9379-833126DA129E}.Debug|Any CPU.ActiveCfg = Debug|Any CPU
		{BB867C6B-40C4-4184-9379-833126DA129E}.Debug|Any CPU.Build.0 = Debug|Any CPU
		{BB867C6B-40C4-4184-9379-833126DA129E}.Release|Any CPU.ActiveCfg = Release|Any CPU
		{BB867C6B-40C4-4184-9379-833126DA129E}.Release|Any CPU.Build.0 = Release|Any CPU
		{E508CC71-63C3-4560-9DC8-464E6318360F}.Debug|Any CPU.ActiveCfg = Debug|Any CPU
		{E508CC71-63C3-4560-9DC8-464E6318360F}.Debug|Any CPU.Build.0 = Debug|Any CPU
		{E508CC71-63C3-4560-9DC8-464E6318360F}.Release|Any CPU.ActiveCfg = Release|Any CPU
		{E508CC71-63C3-4560-9DC8-464E6318360F}.Release|Any CPU.Build.0 = Release|Any CPU
		{7E76136E-E292-4B40-B381-D84958DAFE52}.Debug|Any CPU.ActiveCfg = Debug|Any CPU
		{7E76136E-E292-4B40-B381-D84958DAFE52}.Debug|Any CPU.Build.0 = Debug|Any CPU
		{7E76136E-E292-4B40-B381-D84958DAFE52}.Release|Any CPU.ActiveCfg = Release|Any CPU
		{7E76136E-E292-4B40-B381-D84958DAFE52}.Release|Any CPU.Build.0 = Release|Any CPU
		{A13562EA-18DC-4CBF-8959-6579698D500D}.Debug|Any CPU.ActiveCfg = Debug|Any CPU
		{A13562EA-18DC-4CBF-8959-6579698D500D}.Debug|Any CPU.Build.0 = Debug|Any CPU
		{A13562EA-18DC-4CBF-8959-6579698D500D}.Release|Any CPU.ActiveCfg = Release|Any CPU
		{A13562EA-18DC-4CBF-8959-6579698D500D}.Release|Any CPU.Build.0 = Release|Any CPU
		{F8A4C6B6-8846-4FD8-B0E4-D9A196BB2AA3}.Debug|Any CPU.ActiveCfg = Debug|Any CPU
		{F8A4C6B6-8846-4FD8-B0E4-D9A196BB2AA3}.Debug|Any CPU.Build.0 = Debug|Any CPU
		{F8A4C6B6-8846-4FD8-B0E4-D9A196BB2AA3}.Release|Any CPU.ActiveCfg = Release|Any CPU
		{F8A4C6B6-8846-4FD8-B0E4-D9A196BB2AA3}.Release|Any CPU.Build.0 = Release|Any CPU
		{8B8A7621-3EFF-450C-A5E4-C093742FBDEA}.Debug|Any CPU.ActiveCfg = Debug|Any CPU
		{8B8A7621-3EFF-450C-A5E4-C093742FBDEA}.Debug|Any CPU.Build.0 = Debug|Any CPU
		{8B8A7621-3EFF-450C-A5E4-C093742FBDEA}.Release|Any CPU.ActiveCfg = Release|Any CPU
		{8B8A7621-3EFF-450C-A5E4-C093742FBDEA}.Release|Any CPU.Build.0 = Release|Any CPU
		{80295DAA-4DFC-405B-AFA6-525E2EBFF53B}.Debug|Any CPU.ActiveCfg = Debug|Any CPU
		{80295DAA-4DFC-405B-AFA6-525E2EBFF53B}.Debug|Any CPU.Build.0 = Debug|Any CPU
		{80295DAA-4DFC-405B-AFA6-525E2EBFF53B}.Release|Any CPU.ActiveCfg = Release|Any CPU
		{80295DAA-4DFC-405B-AFA6-525E2EBFF53B}.Release|Any CPU.Build.0 = Release|Any CPU
		{9FB03E37-46ED-456C-ADFE-C3FA9143F7B5}.Debug|Any CPU.ActiveCfg = Debug|Any CPU
		{9FB03E37-46ED-456C-ADFE-C3FA9143F7B5}.Debug|Any CPU.Build.0 = Debug|Any CPU
		{9FB03E37-46ED-456C-ADFE-C3FA9143F7B5}.Release|Any CPU.ActiveCfg = Release|Any CPU
		{9FB03E37-46ED-456C-ADFE-C3FA9143F7B5}.Release|Any CPU.Build.0 = Release|Any CPU
		{23C8080F-A728-4D8D-9528-D7A0880ED694}.Debug|Any CPU.ActiveCfg = Debug|Any CPU
		{23C8080F-A728-4D8D-9528-D7A0880ED694}.Debug|Any CPU.Build.0 = Debug|Any CPU
		{23C8080F-A728-4D8D-9528-D7A0880ED694}.Release|Any CPU.ActiveCfg = Release|Any CPU
		{23C8080F-A728-4D8D-9528-D7A0880ED694}.Release|Any CPU.Build.0 = Release|Any CPU
		{2517FF4B-DDAF-4A92-ACBB-85003A58318F}.Debug|Any CPU.ActiveCfg = Debug|Any CPU
		{2517FF4B-DDAF-4A92-ACBB-85003A58318F}.Debug|Any CPU.Build.0 = Debug|Any CPU
		{2517FF4B-DDAF-4A92-ACBB-85003A58318F}.Release|Any CPU.ActiveCfg = Release|Any CPU
		{2517FF4B-DDAF-4A92-ACBB-85003A58318F}.Release|Any CPU.Build.0 = Release|Any CPU
		{6D24A39F-E00D-4367-A644-079428BFD798}.Debug|Any CPU.ActiveCfg = Debug|Any CPU
		{6D24A39F-E00D-4367-A644-079428BFD798}.Debug|Any CPU.Build.0 = Debug|Any CPU
		{6D24A39F-E00D-4367-A644-079428BFD798}.Release|Any CPU.ActiveCfg = Release|Any CPU
		{6D24A39F-E00D-4367-A644-079428BFD798}.Release|Any CPU.Build.0 = Release|Any CPU
		{80E830E6-2E1F-4437-99F2-0EF6E1669215}.Debug|Any CPU.ActiveCfg = Debug|Any CPU
		{80E830E6-2E1F-4437-99F2-0EF6E1669215}.Debug|Any CPU.Build.0 = Debug|Any CPU
		{80E830E6-2E1F-4437-99F2-0EF6E1669215}.Release|Any CPU.ActiveCfg = Release|Any CPU
		{80E830E6-2E1F-4437-99F2-0EF6E1669215}.Release|Any CPU.Build.0 = Release|Any CPU
		{56DC8D29-2947-4282-B865-4A5FBE80CF35}.Debug|Any CPU.ActiveCfg = Debug|Any CPU
		{56DC8D29-2947-4282-B865-4A5FBE80CF35}.Debug|Any CPU.Build.0 = Debug|Any CPU
		{56DC8D29-2947-4282-B865-4A5FBE80CF35}.Release|Any CPU.ActiveCfg = Release|Any CPU
		{56DC8D29-2947-4282-B865-4A5FBE80CF35}.Release|Any CPU.Build.0 = Release|Any CPU
		{1E71E0B6-AF86-4C9D-9ADB-1EE4A2549587}.Debug|Any CPU.ActiveCfg = Debug|Any CPU
		{1E71E0B6-AF86-4C9D-9ADB-1EE4A2549587}.Debug|Any CPU.Build.0 = Debug|Any CPU
		{1E71E0B6-AF86-4C9D-9ADB-1EE4A2549587}.Release|Any CPU.ActiveCfg = Release|Any CPU
		{1E71E0B6-AF86-4C9D-9ADB-1EE4A2549587}.Release|Any CPU.Build.0 = Release|Any CPU
		{AC6E3176-C242-4D54-A6D1-265CFCCF037B}.Debug|Any CPU.ActiveCfg = Debug|Any CPU
		{AC6E3176-C242-4D54-A6D1-265CFCCF037B}.Debug|Any CPU.Build.0 = Debug|Any CPU
		{AC6E3176-C242-4D54-A6D1-265CFCCF037B}.Release|Any CPU.ActiveCfg = Release|Any CPU
		{AC6E3176-C242-4D54-A6D1-265CFCCF037B}.Release|Any CPU.Build.0 = Release|Any CPU
		{1638995B-D987-4583-B634-5FAB076F810C}.Debug|Any CPU.ActiveCfg = Debug|Any CPU
		{1638995B-D987-4583-B634-5FAB076F810C}.Debug|Any CPU.Build.0 = Debug|Any CPU
		{1638995B-D987-4583-B634-5FAB076F810C}.Release|Any CPU.ActiveCfg = Release|Any CPU
		{1638995B-D987-4583-B634-5FAB076F810C}.Release|Any CPU.Build.0 = Release|Any CPU
		{F10C4D99-0C5A-4E2B-80B9-68C1090068BF}.Debug|Any CPU.ActiveCfg = Debug|Any CPU
		{F10C4D99-0C5A-4E2B-80B9-68C1090068BF}.Debug|Any CPU.Build.0 = Debug|Any CPU
		{F10C4D99-0C5A-4E2B-80B9-68C1090068BF}.Release|Any CPU.ActiveCfg = Release|Any CPU
		{F10C4D99-0C5A-4E2B-80B9-68C1090068BF}.Release|Any CPU.Build.0 = Release|Any CPU
		{0D26D835-73C3-4055-A4C8-7EC8C7EB691A}.Debug|Any CPU.ActiveCfg = Debug|Any CPU
		{0D26D835-73C3-4055-A4C8-7EC8C7EB691A}.Debug|Any CPU.Build.0 = Debug|Any CPU
		{0D26D835-73C3-4055-A4C8-7EC8C7EB691A}.Release|Any CPU.ActiveCfg = Release|Any CPU
		{0D26D835-73C3-4055-A4C8-7EC8C7EB691A}.Release|Any CPU.Build.0 = Release|Any CPU
		{7D30103B-0EF6-440E-810A-25CA7C81DB40}.Debug|Any CPU.ActiveCfg = Debug|Any CPU
		{7D30103B-0EF6-440E-810A-25CA7C81DB40}.Debug|Any CPU.Build.0 = Debug|Any CPU
		{7D30103B-0EF6-440E-810A-25CA7C81DB40}.Release|Any CPU.ActiveCfg = Release|Any CPU
		{7D30103B-0EF6-440E-810A-25CA7C81DB40}.Release|Any CPU.Build.0 = Release|Any CPU
		{1E9F4E36-92C6-400A-9D42-2EC585AD50FF}.Debug|Any CPU.ActiveCfg = Debug|Any CPU
		{1E9F4E36-92C6-400A-9D42-2EC585AD50FF}.Debug|Any CPU.Build.0 = Debug|Any CPU
		{1E9F4E36-92C6-400A-9D42-2EC585AD50FF}.Release|Any CPU.ActiveCfg = Release|Any CPU
		{1E9F4E36-92C6-400A-9D42-2EC585AD50FF}.Release|Any CPU.Build.0 = Release|Any CPU
		{B22297EC-B24E-4175-ADE2-2D98EDB8386C}.Debug|Any CPU.ActiveCfg = Debug|Any CPU
		{B22297EC-B24E-4175-ADE2-2D98EDB8386C}.Debug|Any CPU.Build.0 = Debug|Any CPU
		{B22297EC-B24E-4175-ADE2-2D98EDB8386C}.Release|Any CPU.ActiveCfg = Release|Any CPU
		{B22297EC-B24E-4175-ADE2-2D98EDB8386C}.Release|Any CPU.Build.0 = Release|Any CPU
		{65D53970-FBD0-4644-92A8-F5C4B44AB6E0}.Debug|Any CPU.ActiveCfg = Debug|Any CPU
		{65D53970-FBD0-4644-92A8-F5C4B44AB6E0}.Debug|Any CPU.Build.0 = Debug|Any CPU
		{65D53970-FBD0-4644-92A8-F5C4B44AB6E0}.Release|Any CPU.ActiveCfg = Release|Any CPU
		{65D53970-FBD0-4644-92A8-F5C4B44AB6E0}.Release|Any CPU.Build.0 = Release|Any CPU
		{E74F6F25-6A39-491F-ACE3-DFD0C15E1324}.Debug|Any CPU.ActiveCfg = Debug|Any CPU
		{E74F6F25-6A39-491F-ACE3-DFD0C15E1324}.Debug|Any CPU.Build.0 = Debug|Any CPU
		{E74F6F25-6A39-491F-ACE3-DFD0C15E1324}.Release|Any CPU.ActiveCfg = Release|Any CPU
		{E74F6F25-6A39-491F-ACE3-DFD0C15E1324}.Release|Any CPU.Build.0 = Release|Any CPU
		{4A0935C5-ED0B-4B45-A1CA-3F8BCA277324}.Debug|Any CPU.ActiveCfg = Debug|Any CPU
		{4A0935C5-ED0B-4B45-A1CA-3F8BCA277324}.Debug|Any CPU.Build.0 = Debug|Any CPU
		{4A0935C5-ED0B-4B45-A1CA-3F8BCA277324}.Release|Any CPU.ActiveCfg = Release|Any CPU
		{4A0935C5-ED0B-4B45-A1CA-3F8BCA277324}.Release|Any CPU.Build.0 = Release|Any CPU
		{F3AA1A0B-5F60-4AD1-B562-53ACA841C9D3}.Debug|Any CPU.ActiveCfg = Debug|Any CPU
		{F3AA1A0B-5F60-4AD1-B562-53ACA841C9D3}.Debug|Any CPU.Build.0 = Debug|Any CPU
		{F3AA1A0B-5F60-4AD1-B562-53ACA841C9D3}.Release|Any CPU.ActiveCfg = Release|Any CPU
		{F3AA1A0B-5F60-4AD1-B562-53ACA841C9D3}.Release|Any CPU.Build.0 = Release|Any CPU
		{3C02A460-CA71-4590-B316-45F7E196AEBB}.Debug|Any CPU.ActiveCfg = Debug|Any CPU
		{3C02A460-CA71-4590-B316-45F7E196AEBB}.Debug|Any CPU.Build.0 = Debug|Any CPU
		{3C02A460-CA71-4590-B316-45F7E196AEBB}.Release|Any CPU.ActiveCfg = Release|Any CPU
		{3C02A460-CA71-4590-B316-45F7E196AEBB}.Release|Any CPU.Build.0 = Release|Any CPU
		{C4AC7725-2C4A-4F50-B3F8-B6CF1B036A86}.Debug|Any CPU.ActiveCfg = Debug|Any CPU
		{C4AC7725-2C4A-4F50-B3F8-B6CF1B036A86}.Debug|Any CPU.Build.0 = Debug|Any CPU
		{C4AC7725-2C4A-4F50-B3F8-B6CF1B036A86}.Release|Any CPU.ActiveCfg = Release|Any CPU
		{C4AC7725-2C4A-4F50-B3F8-B6CF1B036A86}.Release|Any CPU.Build.0 = Release|Any CPU
		{316DF6A9-F56B-4FF0-B2DB-5FF0A159467C}.Debug|Any CPU.ActiveCfg = Debug|Any CPU
		{316DF6A9-F56B-4FF0-B2DB-5FF0A159467C}.Debug|Any CPU.Build.0 = Debug|Any CPU
		{316DF6A9-F56B-4FF0-B2DB-5FF0A159467C}.Release|Any CPU.ActiveCfg = Release|Any CPU
		{316DF6A9-F56B-4FF0-B2DB-5FF0A159467C}.Release|Any CPU.Build.0 = Release|Any CPU
		{B2C82D4A-DE79-45B8-93AA-F2839126F6F6}.Debug|Any CPU.ActiveCfg = Debug|Any CPU
		{B2C82D4A-DE79-45B8-93AA-F2839126F6F6}.Debug|Any CPU.Build.0 = Debug|Any CPU
		{B2C82D4A-DE79-45B8-93AA-F2839126F6F6}.Release|Any CPU.ActiveCfg = Release|Any CPU
		{B2C82D4A-DE79-45B8-93AA-F2839126F6F6}.Release|Any CPU.Build.0 = Release|Any CPU
		{09A46E7F-D3AD-4828-A6AC-465F386794AA}.Debug|Any CPU.ActiveCfg = Debug|Any CPU
		{09A46E7F-D3AD-4828-A6AC-465F386794AA}.Debug|Any CPU.Build.0 = Debug|Any CPU
		{09A46E7F-D3AD-4828-A6AC-465F386794AA}.Release|Any CPU.ActiveCfg = Release|Any CPU
		{09A46E7F-D3AD-4828-A6AC-465F386794AA}.Release|Any CPU.Build.0 = Release|Any CPU
		{9C4CD0C9-5525-4E20-B91D-0EF765E7A259}.Debug|Any CPU.ActiveCfg = Debug|Any CPU
		{9C4CD0C9-5525-4E20-B91D-0EF765E7A259}.Debug|Any CPU.Build.0 = Debug|Any CPU
		{9C4CD0C9-5525-4E20-B91D-0EF765E7A259}.Release|Any CPU.ActiveCfg = Release|Any CPU
		{9C4CD0C9-5525-4E20-B91D-0EF765E7A259}.Release|Any CPU.Build.0 = Release|Any CPU
	EndGlobalSection
	GlobalSection(SolutionProperties) = preSolution
		HideSolutionNode = FALSE
	EndGlobalSection
	GlobalSection(NestedProjects) = preSolution
		{DFDE87E4-4B5A-41BF-9CE8-03DFD1BBA86A} = {95787D89-14A8-47B2-AE35-078EDB43B3F4}
		{BB867C6B-40C4-4184-9379-833126DA129E} = {244DE0C3-EE6F-4B66-B40A-2EBA308226EA}
		{E508CC71-63C3-4560-9DC8-464E6318360F} = {244DE0C3-EE6F-4B66-B40A-2EBA308226EA}
		{7E76136E-E292-4B40-B381-D84958DAFE52} = {244DE0C3-EE6F-4B66-B40A-2EBA308226EA}
		{A13562EA-18DC-4CBF-8959-6579698D500D} = {244DE0C3-EE6F-4B66-B40A-2EBA308226EA}
		{F8A4C6B6-8846-4FD8-B0E4-D9A196BB2AA3} = {244DE0C3-EE6F-4B66-B40A-2EBA308226EA}
		{8B8A7621-3EFF-450C-A5E4-C093742FBDEA} = {E3697726-9750-4F42-9486-65FF05B347F8}
		{80295DAA-4DFC-405B-AFA6-525E2EBFF53B} = {E3697726-9750-4F42-9486-65FF05B347F8}
		{9FB03E37-46ED-456C-ADFE-C3FA9143F7B5} = {E3697726-9750-4F42-9486-65FF05B347F8}
		{23C8080F-A728-4D8D-9528-D7A0880ED694} = {E3697726-9750-4F42-9486-65FF05B347F8}
		{2517FF4B-DDAF-4A92-ACBB-85003A58318F} = {E3697726-9750-4F42-9486-65FF05B347F8}
		{6D24A39F-E00D-4367-A644-079428BFD798} = {3C6E1398-DC2B-45A0-9BCA-52B6C411ECF0}
		{80E830E6-2E1F-4437-99F2-0EF6E1669215} = {3C6E1398-DC2B-45A0-9BCA-52B6C411ECF0}
		{56DC8D29-2947-4282-B865-4A5FBE80CF35} = {3C6E1398-DC2B-45A0-9BCA-52B6C411ECF0}
		{1E71E0B6-AF86-4C9D-9ADB-1EE4A2549587} = {3C6E1398-DC2B-45A0-9BCA-52B6C411ECF0}
		{AC6E3176-C242-4D54-A6D1-265CFCCF037B} = {3C6E1398-DC2B-45A0-9BCA-52B6C411ECF0}
		{1638995B-D987-4583-B634-5FAB076F810C} = {3E55089F-16D4-41E6-8756-A41443F586EF}
		{F10C4D99-0C5A-4E2B-80B9-68C1090068BF} = {3E55089F-16D4-41E6-8756-A41443F586EF}
		{0D26D835-73C3-4055-A4C8-7EC8C7EB691A} = {3E55089F-16D4-41E6-8756-A41443F586EF}
		{7D30103B-0EF6-440E-810A-25CA7C81DB40} = {3E55089F-16D4-41E6-8756-A41443F586EF}
		{1E9F4E36-92C6-400A-9D42-2EC585AD50FF} = {3E55089F-16D4-41E6-8756-A41443F586EF}
		{B22297EC-B24E-4175-ADE2-2D98EDB8386C} = {C6229D11-750C-4CB5-89D0-971EEBF0D72F}
		{65D53970-FBD0-4644-92A8-F5C4B44AB6E0} = {C6229D11-750C-4CB5-89D0-971EEBF0D72F}
		{E74F6F25-6A39-491F-ACE3-DFD0C15E1324} = {C6229D11-750C-4CB5-89D0-971EEBF0D72F}
		{4A0935C5-ED0B-4B45-A1CA-3F8BCA277324} = {F5E65274-BDD2-407C-8DDB-5FF0E94A0351}
		{F3AA1A0B-5F60-4AD1-B562-53ACA841C9D3} = {F5E65274-BDD2-407C-8DDB-5FF0E94A0351}
		{3C02A460-CA71-4590-B316-45F7E196AEBB} = {F5E65274-BDD2-407C-8DDB-5FF0E94A0351}
		{C4AC7725-2C4A-4F50-B3F8-B6CF1B036A86} = {F5E65274-BDD2-407C-8DDB-5FF0E94A0351}
		{316DF6A9-F56B-4FF0-B2DB-5FF0A159467C} = {64709643-F4BF-4D08-AF7D-C4E9F4EA79F6}
		{B2C82D4A-DE79-45B8-93AA-F2839126F6F6} = {64709643-F4BF-4D08-AF7D-C4E9F4EA79F6}
		{09A46E7F-D3AD-4828-A6AC-465F386794AA} = {64709643-F4BF-4D08-AF7D-C4E9F4EA79F6}
		{9C4CD0C9-5525-4E20-B91D-0EF765E7A259} = {64709643-F4BF-4D08-AF7D-C4E9F4EA79F6}
	EndGlobalSection
	GlobalSection(ExtensibilityGlobals) = postSolution
		SolutionGuid = {305E9912-B024-47E7-9A6C-6E56B40944FF}
	EndGlobalSection
EndGlobal
